
Microsoft Visual Studio Solution File, Format Version 12.00
# Visual Studio Version 17
VisualStudioVersion = 17.1.32407.343
MinimumVisualStudioVersion = 10.0.40219.1
Project("{8BC9CEB8-8B4A-11D0-8D11-00A0C91BC942}") = "GE3", "GE3.vcxproj", "{BD450927-5C03-42E5-9967-13EF8F2AE602}"
EndProject
Project("{8BC9CEB8-8B4A-11D0-8D11-00A0C91BC942}") = "DirectXTex", "DirectXTex\DirectXTex_Desktop_2022_Win10.vcxproj", "{371B9FA9-4C90-4AC6-A123-ACED756D6C77}"
EndProject
Project("{8BC9CEB8-8B4A-11D0-8D11-00A0C91BC942}") = "imgui", "imgui\imgui.vcxproj", "{EA7C6F3A-C810-4546-882E-AB761691105E}"
EndProject
Global
	GlobalSection(SolutionConfigurationPlatforms) = preSolution
		Debug|ARM64 = Debug|ARM64
		Debug|Gaming.Desktop.x64 = Debug|Gaming.Desktop.x64
		Debug|Gaming.Xbox.Scarlett.x64 = Debug|Gaming.Xbox.Scarlett.x64
		Debug|Gaming.Xbox.XboxOne.x64 = Debug|Gaming.Xbox.XboxOne.x64
		Debug|x64 = Debug|x64
		Debug|x86 = Debug|x86
		Release|ARM64 = Release|ARM64
		Release|Gaming.Desktop.x64 = Release|Gaming.Desktop.x64
		Release|Gaming.Xbox.Scarlett.x64 = Release|Gaming.Xbox.Scarlett.x64
		Release|Gaming.Xbox.XboxOne.x64 = Release|Gaming.Xbox.XboxOne.x64
		Release|x64 = Release|x64
		Release|x86 = Release|x86
	EndGlobalSection
	GlobalSection(ProjectConfigurationPlatforms) = postSolution
		{BD450927-5C03-42E5-9967-13EF8F2AE602}.Debug|ARM64.ActiveCfg = Debug|x64
		{BD450927-5C03-42E5-9967-13EF8F2AE602}.Debug|ARM64.Build.0 = Debug|x64
		{BD450927-5C03-42E5-9967-13EF8F2AE602}.Debug|Gaming.Desktop.x64.ActiveCfg = Debug|x64
		{BD450927-5C03-42E5-9967-13EF8F2AE602}.Debug|Gaming.Desktop.x64.Build.0 = Debug|x64
		{BD450927-5C03-42E5-9967-13EF8F2AE602}.Debug|Gaming.Xbox.Scarlett.x64.ActiveCfg = Debug|x64
		{BD450927-5C03-42E5-9967-13EF8F2AE602}.Debug|Gaming.Xbox.Scarlett.x64.Build.0 = Debug|x64
		{BD450927-5C03-42E5-9967-13EF8F2AE602}.Debug|Gaming.Xbox.XboxOne.x64.ActiveCfg = Debug|x64
		{BD450927-5C03-42E5-9967-13EF8F2AE602}.Debug|Gaming.Xbox.XboxOne.x64.Build.0 = Debug|x64
		{BD450927-5C03-42E5-9967-13EF8F2AE602}.Debug|x64.ActiveCfg = Debug|x64
		{BD450927-5C03-42E5-9967-13EF8F2AE602}.Debug|x64.Build.0 = Debug|x64
		{BD450927-5C03-42E5-9967-13EF8F2AE602}.Debug|x86.ActiveCfg = Debug|Win32
		{BD450927-5C03-42E5-9967-13EF8F2AE602}.Debug|x86.Build.0 = Debug|Win32
		{BD450927-5C03-42E5-9967-13EF8F2AE602}.Release|ARM64.ActiveCfg = Release|x64
		{BD450927-5C03-42E5-9967-13EF8F2AE602}.Release|ARM64.Build.0 = Release|x64
		{BD450927-5C03-42E5-9967-13EF8F2AE602}.Release|Gaming.Desktop.x64.ActiveCfg = Release|x64
		{BD450927-5C03-42E5-9967-13EF8F2AE602}.Release|Gaming.Desktop.x64.Build.0 = Release|x64
		{BD450927-5C03-42E5-9967-13EF8F2AE602}.Release|Gaming.Xbox.Scarlett.x64.ActiveCfg = Release|x64
		{BD450927-5C03-42E5-9967-13EF8F2AE602}.Release|Gaming.Xbox.Scarlett.x64.Build.0 = Release|x64
		{BD450927-5C03-42E5-9967-13EF8F2AE602}.Release|Gaming.Xbox.XboxOne.x64.ActiveCfg = Release|x64
		{BD450927-5C03-42E5-9967-13EF8F2AE602}.Release|Gaming.Xbox.XboxOne.x64.Build.0 = Release|x64
		{BD450927-5C03-42E5-9967-13EF8F2AE602}.Release|x64.ActiveCfg = Release|x64
		{BD450927-5C03-42E5-9967-13EF8F2AE602}.Release|x64.Build.0 = Release|x64
		{BD450927-5C03-42E5-9967-13EF8F2AE602}.Release|x86.ActiveCfg = Release|Win32
		{BD450927-5C03-42E5-9967-13EF8F2AE602}.Release|x86.Build.0 = Release|Win32
		{371B9FA9-4C90-4AC6-A123-ACED756D6C77}.Debug|ARM64.ActiveCfg = Debug|ARM64
		{371B9FA9-4C90-4AC6-A123-ACED756D6C77}.Debug|ARM64.Build.0 = Debug|ARM64
		{371B9FA9-4C90-4AC6-A123-ACED756D6C77}.Debug|Gaming.Desktop.x64.ActiveCfg = Debug|x64
		{371B9FA9-4C90-4AC6-A123-ACED756D6C77}.Debug|Gaming.Desktop.x64.Build.0 = Debug|x64
		{371B9FA9-4C90-4AC6-A123-ACED756D6C77}.Debug|Gaming.Xbox.Scarlett.x64.ActiveCfg = Debug|x64
		{371B9FA9-4C90-4AC6-A123-ACED756D6C77}.Debug|Gaming.Xbox.Scarlett.x64.Build.0 = Debug|x64
		{371B9FA9-4C90-4AC6-A123-ACED756D6C77}.Debug|Gaming.Xbox.XboxOne.x64.ActiveCfg = Debug|x64
		{371B9FA9-4C90-4AC6-A123-ACED756D6C77}.Debug|Gaming.Xbox.XboxOne.x64.Build.0 = Debug|x64
		{371B9FA9-4C90-4AC6-A123-ACED756D6C77}.Debug|x64.ActiveCfg = Debug|x64
		{371B9FA9-4C90-4AC6-A123-ACED756D6C77}.Debug|x64.Build.0 = Debug|x64
		{371B9FA9-4C90-4AC6-A123-ACED756D6C77}.Debug|x86.ActiveCfg = Debug|Win32
		{371B9FA9-4C90-4AC6-A123-ACED756D6C77}.Debug|x86.Build.0 = Debug|Win32
		{371B9FA9-4C90-4AC6-A123-ACED756D6C77}.Release|ARM64.ActiveCfg = Release|ARM64
		{371B9FA9-4C90-4AC6-A123-ACED756D6C77}.Release|ARM64.Build.0 = Release|ARM64
		{371B9FA9-4C90-4AC6-A123-ACED756D6C77}.Release|Gaming.Desktop.x64.ActiveCfg = Release|x64
		{371B9FA9-4C90-4AC6-A123-ACED756D6C77}.Release|Gaming.Desktop.x64.Build.0 = Release|x64
		{371B9FA9-4C90-4AC6-A123-ACED756D6C77}.Release|Gaming.Xbox.Scarlett.x64.ActiveCfg = Release|x64
		{371B9FA9-4C90-4AC6-A123-ACED756D6C77}.Release|Gaming.Xbox.Scarlett.x64.Build.0 = Release|x64
		{371B9FA9-4C90-4AC6-A123-ACED756D6C77}.Release|Gaming.Xbox.XboxOne.x64.ActiveCfg = Release|x64
		{371B9FA9-4C90-4AC6-A123-ACED756D6C77}.Release|Gaming.Xbox.XboxOne.x64.Build.0 = Release|x64
		{371B9FA9-4C90-4AC6-A123-ACED756D6C77}.Release|x64.ActiveCfg = Release|x64
		{371B9FA9-4C90-4AC6-A123-ACED756D6C77}.Release|x64.Build.0 = Release|x64
		{371B9FA9-4C90-4AC6-A123-ACED756D6C77}.Release|x86.ActiveCfg = Release|Win32
		{371B9FA9-4C90-4AC6-A123-ACED756D6C77}.Release|x86.Build.0 = Release|Win32
		{EA7C6F3A-C810-4546-882E-AB761691105E}.Debug|ARM64.ActiveCfg = Debug|x64
		{EA7C6F3A-C810-4546-882E-AB761691105E}.Debug|ARM64.Build.0 = Debug|x64
		{EA7C6F3A-C810-4546-882E-AB761691105E}.Debug|Gaming.Desktop.x64.ActiveCfg = Debug|x64
		{EA7C6F3A-C810-4546-882E-AB761691105E}.Debug|Gaming.Desktop.x64.Build.0 = Debug|x64
		{EA7C6F3A-C810-4546-882E-AB761691105E}.Debug|Gaming.Xbox.Scarlett.x64.ActiveCfg = Debug|x64
		{EA7C6F3A-C810-4546-882E-AB761691105E}.Debug|Gaming.Xbox.Scarlett.x64.Build.0 = Debug|x64
		{EA7C6F3A-C810-4546-882E-AB761691105E}.Debug|Gaming.Xbox.XboxOne.x64.ActiveCfg = Debug|x64
		{EA7C6F3A-C810-4546-882E-AB761691105E}.Debug|Gaming.Xbox.XboxOne.x64.Build.0 = Debug|x64
		{EA7C6F3A-C810-4546-882E-AB761691105E}.Debug|x64.ActiveCfg = Debug|x64
		{EA7C6F3A-C810-4546-882E-AB761691105E}.Debug|x64.Build.0 = Debug|x64
		{EA7C6F3A-C810-4546-882E-AB761691105E}.Debug|x86.ActiveCfg = Debug|Win32
		{EA7C6F3A-C810-4546-882E-AB761691105E}.Debug|x86.Build.0 = Debug|Win32
		{EA7C6F3A-C810-4546-882E-AB761691105E}.Release|ARM64.ActiveCfg = Release|x64
		{EA7C6F3A-C810-4546-882E-AB761691105E}.Release|ARM64.Build.0 = Release|x64
		{EA7C6F3A-C810-4546-882E-AB761691105E}.Release|Gaming.Desktop.x64.ActiveCfg = Release|x64
		{EA7C6F3A-C810-4546-882E-AB761691105E}.Release|Gaming.Desktop.x64.Build.0 = Release|x64
		{EA7C6F3A-C810-4546-882E-AB761691105E}.Release|Gaming.Xbox.Scarlett.x64.ActiveCfg = Release|x64
		{EA7C6F3A-C810-4546-882E-AB761691105E}.Release|Gaming.Xbox.Scarlett.x64.Build.0 = Release|x64
		{EA7C6F3A-C810-4546-882E-AB761691105E}.Release|Gaming.Xbox.XboxOne.x64.ActiveCfg = Release|x64
		{EA7C6F3A-C810-4546-882E-AB761691105E}.Release|Gaming.Xbox.XboxOne.x64.Build.0 = Release|x64
		{EA7C6F3A-C810-4546-882E-AB761691105E}.Release|x64.ActiveCfg = Release|x64
		{EA7C6F3A-C810-4546-882E-AB761691105E}.Release|x64.Build.0 = Release|x64
		{EA7C6F3A-C810-4546-882E-AB761691105E}.Release|x86.ActiveCfg = Release|Win32
		{EA7C6F3A-C810-4546-882E-AB761691105E}.Release|x86.Build.0 = Release|Win32
	EndGlobalSection
	GlobalSection(SolutionProperties) = preSolution
		HideSolutionNode = FALSE
	EndGlobalSection
	GlobalSection(ExtensibilityGlobals) = postSolution
		SolutionGuid = {041F6210-FF7A-423A-964D-CB681A9EA8A2}
	EndGlobalSection
EndGlobal
